<?xml version="1.0" encoding="utf-8"?>
<Project ToolsVersion="4.0" xmlns="http://schemas.microsoft.com/developer/msbuild/2003">
  <ItemGroup>
    <Filter Include="源文件">
      <UniqueIdentifier>{4FC737F1-C7A5-4376-A066-2A32D752A2FF}</UniqueIdentifier>
      <Extensions>cpp;c;cc;cxx;def;odl;idl;hpj;bat;asm;asmx</Extensions>
    </Filter>
    <Filter Include="头文件">
      <UniqueIdentifier>{93995380-89BD-4b04-88EB-625FBE52EBFB}</UniqueIdentifier>
      <Extensions>h;hh;hpp;hxx;hm;inl;inc;xsd</Extensions>
    </Filter>
    <Filter Include="资源文件">
      <UniqueIdentifier>{67DA6AB6-F800-4c08-8B7A-83BB121AAD01}</UniqueIdentifier>
      <Extensions>rc;ico;cur;bmp;dlg;rc2;rct;bin;rgs;gif;jpg;jpeg;jpe;resx;tiff;tif;png;wav;mfcribbon-ms</Extensions>
    </Filter>
    <Filter Include="ZUI">
      <UniqueIdentifier>{b58a9921-d831-40ca-a6ba-6f8ba59f7ca3}</UniqueIdentifier>
    </Filter>
  </ItemGroup>
  <ItemGroup>
    <ClCompile Include="Main.cpp">
      <Filter>源文件</Filter>
    </ClCompile>
    <ClCompile Include="ZEventTest.cpp">
      <Filter>源文件</Filter>
    </ClCompile>
    <ClCompile Include="ZFuncTest.cpp">
      <Filter>源文件</Filter>
    </ClCompile>
    <ClCompile Include="..\WinUI\ZBase.cpp">
      <Filter>ZUI</Filter>
    </ClCompile>
    <ClCompile Include="..\WinUI\ZCommonControls.cpp">
      <Filter>ZUI</Filter>
    </ClCompile>
    <ClCompile Include="..\WinUI\ZCommonWnd.cpp">
      <Filter>ZUI</Filter>
    </ClCompile>
    <ClCompile Include="..\WinUI\ZPaintManager.cpp">
      <Filter>ZUI</Filter>
    </ClCompile>
    <ClCompile Include="ZTypeTest.cpp">
      <Filter>源文件</Filter>
    </ClCompile>
  </ItemGroup>
  <ItemGroup>
    <ClInclude Include="Test.h">
      <Filter>头文件</Filter>
    </ClInclude>
    <ClInclude Include="..\WinUI\ZBase.h">
      <Filter>ZUI</Filter>
    </ClInclude>
    <ClInclude Include="..\WinUI\ZCommonControls.h">
      <Filter>ZUI</Filter>
    </ClInclude>
    <ClInclude Include="..\WinUI\ZCommonWnd.h">
      <Filter>ZUI</Filter>
    </ClInclude>
    <ClInclude Include="..\WinUI\ZEvent.h">
      <Filter>ZUI</Filter>
    </ClInclude>
    <ClInclude Include="..\WinUI\ZHead.h">
      <Filter>ZUI</Filter>
    </ClInclude>
    <ClInclude Include="..\WinUI\ZPaintManager.h">
      <Filter>ZUI</Filter>
    </ClInclude>
    <ClInclude Include="..\WinUI\ZUIBase.h">
      <Filter>ZUI</Filter>
    </ClInclude>
  </ItemGroup>
</Project>